
Microsoft Visual Studio Solution File, Format Version 12.00
# Visual Studio 2013
VisualStudioVersion = 12.0.31101.0
MinimumVisualStudioVersion = 10.0.40219.1
Project("{FAE04EC0-301F-11D3-BF4B-00C04F79EFBC}") = "SerwisOgloszen", "SerwisOgloszen\SerwisOgloszen.csproj", "{A2DAD98F-B986-4A51-9300-C03C9E162B3A}"
EndProject
Project("{FAE04EC0-301F-11D3-BF4B-00C04F79EFBC}") = "DAL", "DAL\DAL.csproj", "{59AE603C-F4C2-480D-963A-268308BD8AC7}"
EndProject
Project("{FAE04EC0-301F-11D3-BF4B-00C04F79EFBC}") = "Database", "Database\Database.csproj", "{517D6277-498A-4B67-AF14-BCD3E2006B83}"
EndProject
Global
	GlobalSection(SolutionConfigurationPlatforms) = preSolution
		Debug|Any CPU = Debug|Any CPU
		Release|Any CPU = Release|Any CPU
	EndGlobalSection
	GlobalSection(ProjectConfigurationPlatforms) = postSolution
		{A2DAD98F-B986-4A51-9300-C03C9E162B3A}.Debug|Any CPU.ActiveCfg = Debug|Any CPU
		{A2DAD98F-B986-4A51-9300-C03C9E162B3A}.Debug|Any CPU.Build.0 = Debug|Any CPU
		{A2DAD98F-B986-4A51-9300-C03C9E162B3A}.Release|Any CPU.ActiveCfg = Release|Any CPU
		{A2DAD98F-B986-4A51-9300-C03C9E162B3A}.Release|Any CPU.Build.0 = Release|Any CPU
		{59AE603C-F4C2-480D-963A-268308BD8AC7}.Debug|Any CPU.ActiveCfg = Debug|Any CPU
		{59AE603C-F4C2-480D-963A-268308BD8AC7}.Debug|Any CPU.Build.0 = Debug|Any CPU
		{59AE603C-F4C2-480D-963A-268308BD8AC7}.Release|Any CPU.ActiveCfg = Release|Any CPU
		{59AE603C-F4C2-480D-963A-268308BD8AC7}.Release|Any CPU.Build.0 = Release|Any CPU
		{517D6277-498A-4B67-AF14-BCD3E2006B83}.Debug|Any CPU.ActiveCfg = Debug|Any CPU
		{517D6277-498A-4B67-AF14-BCD3E2006B83}.Debug|Any CPU.Build.0 = Debug|Any CPU
		{517D6277-498A-4B67-AF14-BCD3E2006B83}.Release|Any CPU.ActiveCfg = Release|Any CPU
		{517D6277-498A-4B67-AF14-BCD3E2006B83}.Release|Any CPU.Build.0 = Release|Any CPU
	EndGlobalSection
	GlobalSection(SolutionProperties) = preSolution
		HideSolutionNode = FALSE
	EndGlobalSection
EndGlobal
